// !$*UTF8*$!
{
	archiveVersion = 1;
	classes = {
	};
	objectVersion = 46;
	objects = {

/* Begin PBXBuildFile section */
		097D58D31CE429A3003D0177 /* EUExALiBaiChuan.m in Sources */ = {isa = PBXBuildFile; fileRef = 097D58D21CE429A3003D0177 /* EUExALiBaiChuan.m */; };
		09C8E00A1CE470C2004A92B3 /* ALBBFullSecurityGuard.framework in Frameworks */ = {isa = PBXBuildFile; fileRef = 09C8DFFC1CE470C2004A92B3 /* ALBBFullSecurityGuard.framework */; };
		09C8E00B1CE470C2004A92B3 /* ALBBLoginSDK.framework in Frameworks */ = {isa = PBXBuildFile; fileRef = 09C8DFFD1CE470C2004A92B3 /* ALBBLoginSDK.framework */; };
		09C8E00C1CE470C2004A92B3 /* ALBBSDK.framework in Frameworks */ = {isa = PBXBuildFile; fileRef = 09C8DFFE1CE470C2004A92B3 /* ALBBSDK.framework */; };
		09C8E00D1CE470C2004A92B3 /* ALBBTradeSDK.framework in Frameworks */ = {isa = PBXBuildFile; fileRef = 09C8DFFF1CE470C2004A92B3 /* ALBBTradeSDK.framework */; };
		09C8E00E1CE470C2004A92B3 /* AlipaySDK.framework in Frameworks */ = {isa = PBXBuildFile; fileRef = 09C8E0011CE470C2004A92B3 /* AlipaySDK.framework */; };
		09C8E00F1CE470C2004A92B3 /* SecurityGuardSDK.framework in Frameworks */ = {isa = PBXBuildFile; fileRef = 09C8E0031CE470C2004A92B3 /* SecurityGuardSDK.framework */; };
		09C8E0101CE470C2004A92B3 /* SGMain.framework in Frameworks */ = {isa = PBXBuildFile; fileRef = 09C8E0041CE470C2004A92B3 /* SGMain.framework */; };
		09C8E0111CE470C2004A92B3 /* TBAppLinkSDK.framework in Frameworks */ = {isa = PBXBuildFile; fileRef = 09C8E0051CE470C2004A92B3 /* TBAppLinkSDK.framework */; };
		09C8E0121CE470C2004A92B3 /* UTDID.framework in Frameworks */ = {isa = PBXBuildFile; fileRef = 09C8E0061CE470C2004A92B3 /* UTDID.framework */; };
		09C8E0131CE470C2004A92B3 /* UTMini.framework in Frameworks */ = {isa = PBXBuildFile; fileRef = 09C8E0071CE470C2004A92B3 /* UTMini.framework */; };
		09C8E0351CE472F0004A92B3 /* ZipArchive.framework in Frameworks */ = {isa = PBXBuildFile; fileRef = 09C8E0341CE472F0004A92B3 /* ZipArchive.framework */; };
		21051BFF1D829FAF002DFE82 /* AppCanKit.framework in Frameworks */ = {isa = PBXBuildFile; fileRef = 21051BFE1D829FAF002DFE82 /* AppCanKit.framework */; };
/* End PBXBuildFile section */

/* Begin PBXCopyFilesBuildPhase section */
		097D58CB1CE429A3003D0177 /* CopyFiles */ = {
			isa = PBXCopyFilesBuildPhase;
			buildActionMask = 12;
			dstPath = "";
			dstSubfolderSpec = 16;
			files = (
			);
			runOnlyForDeploymentPostprocessing = 0;
		};
/* End PBXCopyFilesBuildPhase section */

/* Begin PBXFileReference section */
		097D58CD1CE429A3003D0177 /* libuexALiBaiChuan.a */ = {isa = PBXFileReference; explicitFileType = archive.ar; includeInIndex = 0; path = libuexALiBaiChuan.a; sourceTree = BUILT_PRODUCTS_DIR; };
		097D58D01CE429A3003D0177 /* EUExALiBaiChuan.h */ = {isa = PBXFileReference; lastKnownFileType = sourcecode.c.h; path = EUExALiBaiChuan.h; sourceTree = "<group>"; };
		097D58D21CE429A3003D0177 /* EUExALiBaiChuan.m */ = {isa = PBXFileReference; lastKnownFileType = sourcecode.c.objc; path = EUExALiBaiChuan.m; sourceTree = "<group>"; };
		097D590E1CE42FC7003D0177 /* ACEBaseViewController.h */ = {isa = PBXFileReference; fileEncoding = 4; lastKnownFileType = sourcecode.c.h; path = ACEBaseViewController.h; sourceTree = "<group>"; };
		097D59101CE42FC7003D0177 /* EUExBaseDefine.h */ = {isa = PBXFileReference; fileEncoding = 4; lastKnownFileType = sourcecode.c.h; path = EUExBaseDefine.h; sourceTree = "<group>"; };
		097D59111CE42FC7003D0177 /* EUtility.h */ = {isa = PBXFileReference; fileEncoding = 4; lastKnownFileType = sourcecode.c.h; path = EUtility.h; sourceTree = "<group>"; };
		097D59121CE42FC7003D0177 /* WidgetOneDelegate.h */ = {isa = PBXFileReference; fileEncoding = 4; lastKnownFileType = sourcecode.c.h; path = WidgetOneDelegate.h; sourceTree = "<group>"; };
		09C8DFFC1CE470C2004A92B3 /* ALBBFullSecurityGuard.framework */ = {isa = PBXFileReference; lastKnownFileType = wrapper.framework; path = ALBBFullSecurityGuard.framework; sourceTree = "<group>"; };
		09C8DFFD1CE470C2004A92B3 /* ALBBLoginSDK.framework */ = {isa = PBXFileReference; lastKnownFileType = wrapper.framework; path = ALBBLoginSDK.framework; sourceTree = "<group>"; };
		09C8DFFE1CE470C2004A92B3 /* ALBBSDK.framework */ = {isa = PBXFileReference; lastKnownFileType = wrapper.framework; path = ALBBSDK.framework; sourceTree = "<group>"; };
		09C8DFFF1CE470C2004A92B3 /* ALBBTradeSDK.framework */ = {isa = PBXFileReference; lastKnownFileType = wrapper.framework; path = ALBBTradeSDK.framework; sourceTree = "<group>"; };
		09C8E0001CE470C2004A92B3 /* AlipaySDK.bundle */ = {isa = PBXFileReference; lastKnownFileType = "wrapper.plug-in"; path = AlipaySDK.bundle; sourceTree = "<group>"; };
		09C8E0011CE470C2004A92B3 /* AlipaySDK.framework */ = {isa = PBXFileReference; lastKnownFileType = wrapper.framework; path = AlipaySDK.framework; sourceTree = "<group>"; };
		09C8E0021CE470C2004A92B3 /* baichuan.bundle */ = {isa = PBXFileReference; lastKnownFileType = "wrapper.plug-in"; path = baichuan.bundle; sourceTree = "<group>"; };
		09C8E0031CE470C2004A92B3 /* SecurityGuardSDK.framework */ = {isa = PBXFileReference; lastKnownFileType = wrapper.framework; path = SecurityGuardSDK.framework; sourceTree = "<group>"; };
		09C8E0041CE470C2004A92B3 /* SGMain.framework */ = {isa = PBXFileReference; lastKnownFileType = wrapper.framework; path = SGMain.framework; sourceTree = "<group>"; };
		09C8E0051CE470C2004A92B3 /* TBAppLinkSDK.framework */ = {isa = PBXFileReference; lastKnownFileType = wrapper.framework; path = TBAppLinkSDK.framework; sourceTree = "<group>"; };
		09C8E0061CE470C2004A92B3 /* UTDID.framework */ = {isa = PBXFileReference; lastKnownFileType = wrapper.framework; path = UTDID.framework; sourceTree = "<group>"; };
		09C8E0071CE470C2004A92B3 /* UTMini.framework */ = {isa = PBXFileReference; lastKnownFileType = wrapper.framework; path = UTMini.framework; sourceTree = "<group>"; };
		09C8E0081CE470C2004A92B3 /* yw_1222.jpg */ = {isa = PBXFileReference; lastKnownFileType = image.jpeg; path = yw_1222.jpg; sourceTree = "<group>"; };
		09C8E0341CE472F0004A92B3 /* ZipArchive.framework */ = {isa = PBXFileReference; lastKnownFileType = wrapper.framework; path = ZipArchive.framework; sourceTree = "<group>"; };
		21051BFE1D829FAF002DFE82 /* AppCanKit.framework */ = {isa = PBXFileReference; lastKnownFileType = wrapper.framework; path = AppCanKit.framework; sourceTree = "<group>"; };
/* End PBXFileReference section */

/* Begin PBXFrameworksBuildPhase section */
		097D58CA1CE429A3003D0177 /* Frameworks */ = {
			isa = PBXFrameworksBuildPhase;
			buildActionMask = 2147483647;
			files = (
				09C8E00B1CE470C2004A92B3 /* ALBBLoginSDK.framework in Frameworks */,
				09C8E0111CE470C2004A92B3 /* TBAppLinkSDK.framework in Frameworks */,
				09C8E00E1CE470C2004A92B3 /* AlipaySDK.framework in Frameworks */,
				09C8E00D1CE470C2004A92B3 /* ALBBTradeSDK.framework in Frameworks */,
				09C8E0131CE470C2004A92B3 /* UTMini.framework in Frameworks */,
				09C8E0101CE470C2004A92B3 /* SGMain.framework in Frameworks */,
				09C8E0351CE472F0004A92B3 /* ZipArchive.framework in Frameworks */,
				09C8E00F1CE470C2004A92B3 /* SecurityGuardSDK.framework in Frameworks */,
				09C8E00A1CE470C2004A92B3 /* ALBBFullSecurityGuard.framework in Frameworks */,
				09C8E00C1CE470C2004A92B3 /* ALBBSDK.framework in Frameworks */,
				21051BFF1D829FAF002DFE82 /* AppCanKit.framework in Frameworks */,
				09C8E0121CE470C2004A92B3 /* UTDID.framework in Frameworks */,
			);
			runOnlyForDeploymentPostprocessing = 0;
		};
/* End PBXFrameworksBuildPhase section */

/* Begin PBXGroup section */
		097D58C41CE429A3003D0177 = {
			isa = PBXGroup;
			children = (
				097D58CF1CE429A3003D0177 /* EUExALiBaiChuan */,
				097D58CE1CE429A3003D0177 /* Products */,
			);
			sourceTree = "<group>";
		};
		097D58CE1CE429A3003D0177 /* Products */ = {
			isa = PBXGroup;
			children = (
				097D58CD1CE429A3003D0177 /* libuexALiBaiChuan.a */,
			);
			name = Products;
			sourceTree = "<group>";
		};
		097D58CF1CE429A3003D0177 /* EUExALiBaiChuan */ = {
			isa = PBXGroup;
			children = (
				097D590C1CE42FC7003D0177 /* sourceCode */,
				097D58D01CE429A3003D0177 /* EUExALiBaiChuan.h */,
				097D58D21CE429A3003D0177 /* EUExALiBaiChuan.m */,
			);
			path = EUExALiBaiChuan;
			sourceTree = "<group>";
		};
		097D590C1CE42FC7003D0177 /* sourceCode */ = {
			isa = PBXGroup;
			children = (
				09C8DFFB1CE470C2004A92B3 /* OneSDK */,
				097D590D1CE42FC7003D0177 /* engineHeader */,
			);
			path = sourceCode;
			sourceTree = "<group>";
		};
		097D590D1CE42FC7003D0177 /* engineHeader */ = {
			isa = PBXGroup;
			children = (
				21051BFE1D829FAF002DFE82 /* AppCanKit.framework */,
				097D590E1CE42FC7003D0177 /* ACEBaseViewController.h */,
				097D59101CE42FC7003D0177 /* EUExBaseDefine.h */,
				097D59111CE42FC7003D0177 /* EUtility.h */,
				097D59121CE42FC7003D0177 /* WidgetOneDelegate.h */,
			);
			path = engineHeader;
			sourceTree = "<group>";
		};
		09C8DFFB1CE470C2004A92B3 /* OneSDK */ = {
			isa = PBXGroup;
			children = (
				09C8DFFC1CE470C2004A92B3 /* ALBBFullSecurityGuard.framework */,
				09C8DFFD1CE470C2004A92B3 /* ALBBLoginSDK.framework */,
				09C8DFFE1CE470C2004A92B3 /* ALBBSDK.framework */,
				09C8DFFF1CE470C2004A92B3 /* ALBBTradeSDK.framework */,
				09C8E0001CE470C2004A92B3 /* AlipaySDK.bundle */,
				09C8E0011CE470C2004A92B3 /* AlipaySDK.framework */,
				09C8E0021CE470C2004A92B3 /* baichuan.bundle */,
				09C8E0031CE470C2004A92B3 /* SecurityGuardSDK.framework */,
				09C8E0041CE470C2004A92B3 /* SGMain.framework */,
				09C8E0051CE470C2004A92B3 /* TBAppLinkSDK.framework */,
				09C8E0061CE470C2004A92B3 /* UTDID.framework */,
				09C8E0071CE470C2004A92B3 /* UTMini.framework */,
				09C8E0341CE472F0004A92B3 /* ZipArchive.framework */,
				09C8E0081CE470C2004A92B3 /* yw_1222.jpg */,
			);
			path = OneSDK;
			sourceTree = "<group>";
		};
/* End PBXGroup section */

/* Begin PBXNativeTarget section */
		097D58CC1CE429A3003D0177 /* EUExALiBaiChuan */ = {
			isa = PBXNativeTarget;
			buildConfigurationList = 097D58D61CE429A3003D0177 /* Build configuration list for PBXNativeTarget "EUExALiBaiChuan" */;
			buildPhases = (
				097D58C91CE429A3003D0177 /* Sources */,
				097D58CA1CE429A3003D0177 /* Frameworks */,
				097D58CB1CE429A3003D0177 /* CopyFiles */,
			);
			buildRules = (
			);
			dependencies = (
			);
			name = EUExALiBaiChuan;
			productName = EUExALiBaiChuan;
			productReference = 097D58CD1CE429A3003D0177 /* libuexALiBaiChuan.a */;
			productType = "com.apple.product-type.library.static";
		};
/* End PBXNativeTarget section */

/* Begin PBXProject section */
		097D58C51CE429A3003D0177 /* Project object */ = {
			isa = PBXProject;
			attributes = {
				LastUpgradeCheck = 0720;
				ORGANIZATIONNAME = "杨广";
				TargetAttributes = {
					097D58CC1CE429A3003D0177 = {
						CreatedOnToolsVersion = 7.2.1;
					};
				};
			};
			buildConfigurationList = 097D58C81CE429A3003D0177 /* Build configuration list for PBXProject "EUExALiBaiChuan" */;
			compatibilityVersion = "Xcode 3.2";
			developmentRegion = English;
			hasScannedForEncodings = 0;
			knownRegions = (
				en,
			);
			mainGroup = 097D58C41CE429A3003D0177;
			productRefGroup = 097D58CE1CE429A3003D0177 /* Products */;
			projectDirPath = "";
			projectRoot = "";
			targets = (
				097D58CC1CE429A3003D0177 /* EUExALiBaiChuan */,
			);
		};
/* End PBXProject section */

/* Begin PBXSourcesBuildPhase section */
		097D58C91CE429A3003D0177 /* Sources */ = {
			isa = PBXSourcesBuildPhase;
			buildActionMask = 2147483647;
			files = (
				097D58D31CE429A3003D0177 /* EUExALiBaiChuan.m in Sources */,
			);
			runOnlyForDeploymentPostprocessing = 0;
		};
/* End PBXSourcesBuildPhase section */

/* Begin XCBuildConfiguration section */
		097D58D41CE429A3003D0177 /* Debug */ = {
			isa = XCBuildConfiguration;
			buildSettings = {
				ALWAYS_SEARCH_USER_PATHS = NO;
				CLANG_CXX_LANGUAGE_STANDARD = "gnu++0x";
				CLANG_CXX_LIBRARY = "libc++";
				CLANG_ENABLE_MODULES = YES;
				CLANG_ENABLE_OBJC_ARC = YES;
				CLANG_WARN_BOOL_CONVERSION = YES;
				CLANG_WARN_CONSTANT_CONVERSION = YES;
				CLANG_WARN_DIRECT_OBJC_ISA_USAGE = YES_ERROR;
				CLANG_WARN_EMPTY_BODY = YES;
				CLANG_WARN_ENUM_CONVERSION = YES;
				CLANG_WARN_INT_CONVERSION = YES;
				CLANG_WARN_OBJC_ROOT_CLASS = YES_ERROR;
				CLANG_WARN_UNREACHABLE_CODE = YES;
				CLANG_WARN__DUPLICATE_METHOD_MATCH = YES;
				"CODE_SIGN_IDENTITY[sdk=iphoneos*]" = "iPhone Developer";
				COPY_PHASE_STRIP = NO;
				DEBUG_INFORMATION_FORMAT = dwarf;
				ENABLE_STRICT_OBJC_MSGSEND = YES;
				ENABLE_TESTABILITY = YES;
				GCC_C_LANGUAGE_STANDARD = gnu99;
				GCC_DYNAMIC_NO_PIC = NO;
				GCC_NO_COMMON_BLOCKS = YES;
				GCC_OPTIMIZATION_LEVEL = 0;
				GCC_PREPROCESSOR_DEFINITIONS = (
					"DEBUG=1",
					"$(inherited)",
				);
				GCC_WARN_64_TO_32_BIT_CONVERSION = YES;
				GCC_WARN_ABOUT_RETURN_TYPE = YES_ERROR;
				GCC_WARN_UNDECLARED_SELECTOR = YES;
				GCC_WARN_UNINITIALIZED_AUTOS = YES_AGGRESSIVE;
				GCC_WARN_UNUSED_FUNCTION = YES;
				GCC_WARN_UNUSED_VARIABLE = YES;
				IPHONEOS_DEPLOYMENT_TARGET = 9.2;
				MTL_ENABLE_DEBUG_INFO = YES;
				ONLY_ACTIVE_ARCH = YES;
				SDKROOT = iphoneos;
			};
			name = Debug;
		};
		097D58D51CE429A3003D0177 /* Release */ = {
			isa = XCBuildConfiguration;
			buildSettings = {
				ALWAYS_SEARCH_USER_PATHS = NO;
				CLANG_CXX_LANGUAGE_STANDARD = "gnu++0x";
				CLANG_CXX_LIBRARY = "libc++";
				CLANG_ENABLE_MODULES = YES;
				CLANG_ENABLE_OBJC_ARC = YES;
				CLANG_WARN_BOOL_CONVERSION = YES;
				CLANG_WARN_CONSTANT_CONVERSION = YES;
				CLANG_WARN_DIRECT_OBJC_ISA_USAGE = YES_ERROR;
				CLANG_WARN_EMPTY_BODY = YES;
				CLANG_WARN_ENUM_CONVERSION = YES;
				CLANG_WARN_INT_CONVERSION = YES;
				CLANG_WARN_OBJC_ROOT_CLASS = YES_ERROR;
				CLANG_WARN_UNREACHABLE_CODE = YES;
				CLANG_WARN__DUPLICATE_METHOD_MATCH = YES;
				"CODE_SIGN_IDENTITY[sdk=iphoneos*]" = "iPhone Developer";
				COPY_PHASE_STRIP = NO;
				DEBUG_INFORMATION_FORMAT = "dwarf-with-dsym";
				ENABLE_NS_ASSERTIONS = NO;
				ENABLE_STRICT_OBJC_MSGSEND = YES;
				GCC_C_LANGUAGE_STANDARD = gnu99;
				GCC_NO_COMMON_BLOCKS = YES;
				GCC_WARN_64_TO_32_BIT_CONVERSION = YES;
				GCC_WARN_ABOUT_RETURN_TYPE = YES_ERROR;
				GCC_WARN_UNDECLARED_SELECTOR = YES;
				GCC_WARN_UNINITIALIZED_AUTOS = YES_AGGRESSIVE;
				GCC_WARN_UNUSED_FUNCTION = YES;
				GCC_WARN_UNUSED_VARIABLE = YES;
				IPHONEOS_DEPLOYMENT_TARGET = 9.2;
				MTL_ENABLE_DEBUG_INFO = NO;
				SDKROOT = iphoneos;
				VALIDATE_PRODUCT = YES;
			};
			name = Release;
		};
		097D58D71CE429A3003D0177 /* Debug */ = {
			isa = XCBuildConfiguration;
			buildSettings = {
				CONFIGURATION_BUILD_DIR = $SRCROOT/uexALiBaiChuan;
				FRAMEWORK_SEARCH_PATHS = (
					"$(inherited)",
					"$(PROJECT_DIR)/EUExALiBaiChuan/sourceCode/OneSDK",
					"$(PROJECT_DIR)/EUExALiBaiChuan/sourceCode/engineHeader",
				);
				OTHER_LDFLAGS = "-ObjC";
				PRODUCT_NAME = uexALiBaiChuan;
				SKIP_INSTALL = YES;
			};
			name = Debug;
		};
		097D58D81CE429A3003D0177 /* Release */ = {
			isa = XCBuildConfiguration;
			buildSettings = {
				CONFIGURATION_BUILD_DIR = $SRCROOT/uexALiBaiChuan;
				FRAMEWORK_SEARCH_PATHS = (
					"$(inherited)",
					"$(PROJECT_DIR)/EUExALiBaiChuan/sourceCode/OneSDK",
					"$(PROJECT_DIR)/EUExALiBaiChuan/sourceCode/engineHeader",
				);
				OTHER_LDFLAGS = "-ObjC";
				PRODUCT_NAME = uexALiBaiChuan;
				SKIP_INSTALL = YES;
			};
			name = Release;
		};
/* End XCBuildConfiguration section */

/* Begin XCConfigurationList section */
		097D58C81CE429A3003D0177 /* Build configuration list for PBXProject "EUExALiBaiChuan" */ = {
			isa = XCConfigurationList;
			buildConfigurations = (
				097D58D41CE429A3003D0177 /* Debug */,
				097D58D51CE429A3003D0177 /* Release */,
			);
			defaultConfigurationIsVisible = 0;
			defaultConfigurationName = Release;
		};
		097D58D61CE429A3003D0177 /* Build configuration list for PBXNativeTarget "EUExALiBaiChuan" */ = {
			isa = XCConfigurationList;
			buildConfigurations = (
				097D58D71CE429A3003D0177 /* Debug */,
				097D58D81CE429A3003D0177 /* Release */,
			);
			defaultConfigurationIsVisible = 0;
			defaultConfigurationName = Release;
		};
/* End XCConfigurationList section */
	};
	rootObject = 097D58C51CE429A3003D0177 /* Project object */;
}
